# THIS IS AN AUTOGENERATED FILE. DO NOT EDIT THIS FILE DIRECTLY.
# yarn lockfile v1


atoa@1.0.0:
  version "1.0.0"
  resolved "https://registry.yarnpkg.com/atoa/-/atoa-1.0.0.tgz#0cc0e91a480e738f923ebc103676471779b34a49"
  integrity sha1-DMDpGkgOc4+SPrwQNnZHF3mzSkk=

contra@1.9.4:
  version "1.9.4"
  resolved "https://registry.yarnpkg.com/contra/-/contra-1.9.4.tgz#f53bde42d7e5b5985cae4d99a8d610526de8f28d"
  integrity sha1-9TveQtfltZhcrk2ZqNYQUm3o8o0=
  dependencies:
    atoa "1.0.0"
    ticky "1.0.1"

crossvent@1.5.5:
  version "1.5.5"
  resolved "https://registry.yarnpkg.com/crossvent/-/crossvent-1.5.5.tgz#ad20878e4921e9be73d9d6976f8b2ecd0f71a0b1"
  integrity sha1-rSCHjkkh6b5z2daXb4suzQ9xoLE=
  dependencies:
    custom-event "^1.0.0"

custom-event@^1.0.0:
  version "1.0.1"
  resolved "https://registry.yarnpkg.com/custom-event/-/custom-event-1.0.1.tgz#5d02a46850adf1b4a317946a3928fccb5bfd0425"
  integrity sha1-XQKkaFCt8bSjF5RqOSj8y1v9BCU=

dragula@^3.7.3:
  version "3.7.3"
  resolved "https://registry.yarnpkg.com/dragula/-/dragula-3.7.3.tgz#909460fd0b4acba5409c6dbb1b64d24f5bc9efb6"
  integrity sha512-/rRg4zRhcpf81TyDhaHLtXt6sEywdfpv1cRUMeFFy7DuypH2U0WUL0GTdyAQvXegviT4PJK4KuMmOaIDpICseQ==
  dependencies:
    contra "1.9.4"
    crossvent "1.5.5"

ticky@1.0.1:
  version "1.0.1"
  resolved "https://registry.yarnpkg.com/ticky/-/ticky-1.0.1.tgz#b7cfa71e768f1c9000c497b9151b30947c50e46d"
  integrity sha1-t8+nHnaPHJAAxJe5FRswlHxQ5G0=
